
Microsoft Visual Studio Solution File, Format Version 12.00
# Visual Studio Version 16
VisualStudioVersion = 16.0.32510.428
MinimumVisualStudioVersion = 10.0.40219.1
Project("{FAE04EC0-301F-11D3-BF4B-00C04F79EFBC}") = "WebApiProject", "WebApiProject\WebApiProject.csproj", "{005C20B3-4936-47A8-B6C3-CF287213456E}"
EndProject
Global
	GlobalSection(SolutionConfigurationPlatforms) = preSolution
		Debug|Any CPU = Debug|Any CPU
		Release|Any CPU = Release|Any CPU
	EndGlobalSection
	GlobalSection(ProjectConfigurationPlatforms) = postSolution
		{005C20B3-4936-47A8-B6C3-CF287213456E}.Debug|Any CPU.ActiveCfg = Debug|Any CPU
		{005C20B3-4936-47A8-B6C3-CF287213456E}.Debug|Any CPU.Build.0 = Debug|Any CPU
		{005C20B3-4936-47A8-B6C3-CF287213456E}.Release|Any CPU.ActiveCfg = Release|Any CPU
		{005C20B3-4936-47A8-B6C3-CF287213456E}.Release|Any CPU.Build.0 = Release|Any CPU
	EndGlobalSection
	GlobalSection(SolutionProperties) = preSolution
		HideSolutionNode = FALSE
	EndGlobalSection
	GlobalSection(ExtensibilityGlobals) = postSolution
		SolutionGuid = {76DF429F-610D-4CC3-AEEB-15DB8CF8C444}
	EndGlobalSection
EndGlobal
